Microsoft Visual Studio Solution File, Format Version 8.00
Project("{F184B08F-C81C-45F6-A57F-5ABD9991F28F}") = "WebSeedAdder", "WebSeedAdder.vbproj", "{33F863D7-5A25-490B-BED7-9CEEDDE02753}"
	ProjectSection(ProjectDependencies) = postProject
	EndProjectSection
EndProject
Global
	GlobalSection(SolutionConfiguration) = preSolution
		Debug = Debug
		Release = Release
	EndGlobalSection
	GlobalSection(ProjectConfiguration) = postSolution
		{33F863D7-5A25-490B-BED7-9CEEDDE02753}.Debug.ActiveCfg = Debug|.NET
		{33F863D7-5A25-490B-BED7-9CEEDDE02753}.Debug.Build.0 = Debug|.NET
		{33F863D7-5A25-490B-BED7-9CEEDDE02753}.Release.ActiveCfg = Release|.NET
		{33F863D7-5A25-490B-BED7-9CEEDDE02753}.Release.Build.0 = Release|.NET
	EndGlobalSection
	GlobalSection(ExtensibilityGlobals) = postSolution
	EndGlobalSection
	GlobalSection(ExtensibilityAddIns) = postSolution
	EndGlobalSection
EndGlobal
