Microsoft Visual Studio Solution File, Format Version 8.00
Project("{F184B08F-C81C-45F6-A57F-5ABD9991F28F}") = "AnnounceTrimmer", "AnnounceTrimmer\AnnounceTrimmer.vbproj", "{2B035720-6571-4BF1-A1AF-6CEA826C9503}"
	ProjectSection(ProjectDependencies) = postProject
		{5609C1FE-8034-4E8C-8938-6806043382BD} = {5609C1FE-8034-4E8C-8938-6806043382BD}
	EndProjectSection
EndProject
Project("{F184B08F-C81C-45F6-A57F-5ABD9991F28F}") = "InternalRenamer", "InternalRenamer\InternalRenamer.vbproj", "{5C752BF7-1B65-4767-9307-F69C7D01F40E}"
	ProjectSection(ProjectDependencies) = postProject
		{5609C1FE-8034-4E8C-8938-6806043382BD} = {5609C1FE-8034-4E8C-8938-6806043382BD}
	EndProjectSection
EndProject
Project("{F184B08F-C81C-45F6-A57F-5ABD9991F28F}") = "MultiTrackerEdit", "MassTorrentEdit\MultiTrackerEdit.vbproj", "{4D40027C-B005-497B-A34A-CC55BDE07744}"
	ProjectSection(ProjectDependencies) = postProject
		{5609C1FE-8034-4E8C-8938-6806043382BD} = {5609C1FE-8034-4E8C-8938-6806043382BD}
	EndProjectSection
EndProject
Project("{F184B08F-C81C-45F6-A57F-5ABD9991F28F}") = "TorrentBuild", "TorrentBuildDir\TorrentBuild.vbproj", "{88DFBAD5-7B6C-4A72-84A7-A3CABD218C3D}"
	ProjectSection(ProjectDependencies) = postProject
		{77CBC257-AE06-4A85-B2FD-055A8F395502} = {77CBC257-AE06-4A85-B2FD-055A8F395502}
		{5609C1FE-8034-4E8C-8938-6806043382BD} = {5609C1FE-8034-4E8C-8938-6806043382BD}
	EndProjectSection
EndProject
Project("{F184B08F-C81C-45F6-A57F-5ABD9991F28F}") = "WebSeedAdder", "WebSeedAdder\WebSeedAdder.vbproj", "{33F863D7-5A25-490B-BED7-9CEEDDE02753}"
	ProjectSection(ProjectDependencies) = postProject
		{5609C1FE-8034-4E8C-8938-6806043382BD} = {5609C1FE-8034-4E8C-8938-6806043382BD}
	EndProjectSection
EndProject
Project("{F184B08F-C81C-45F6-A57F-5ABD9991F28F}") = "FileVerify", "FileVerify\FileVerify.vbproj", "{AA1617A2-CA1B-40AE-A8F5-F04A34C953D1}"
	ProjectSection(ProjectDependencies) = postProject
		{77CBC257-AE06-4A85-B2FD-055A8F395502} = {77CBC257-AE06-4A85-B2FD-055A8F395502}
		{5609C1FE-8034-4E8C-8938-6806043382BD} = {5609C1FE-8034-4E8C-8938-6806043382BD}
	EndProjectSection
EndProject
Project("{FAE04EC0-301F-11D3-BF4B-00C04F79EFBC}") = "EADCSharpClasses", "EADCSharpClasses\EADCSharpClasses.csproj", "{77CBC257-AE06-4A85-B2FD-055A8F395502}"
	ProjectSection(ProjectDependencies) = postProject
	EndProjectSection
EndProject
Project("{F184B08F-C81C-45F6-A57F-5ABD9991F28F}") = "EADVBClasses", "EADVBClasses\EADVBClasses.vbproj", "{5609C1FE-8034-4E8C-8938-6806043382BD}"
	ProjectSection(ProjectDependencies) = postProject
	EndProjectSection
EndProject
Project("{F184B08F-C81C-45F6-A57F-5ABD9991F28F}") = "P2PLinkGenerator", "P2PLinkGenerator\P2PLinkGenerator.vbproj", "{D74A1426-A74B-4AB6-974C-F8715684A60F}"
	ProjectSection(ProjectDependencies) = postProject
		{77CBC257-AE06-4A85-B2FD-055A8F395502} = {77CBC257-AE06-4A85-B2FD-055A8F395502}
		{5609C1FE-8034-4E8C-8938-6806043382BD} = {5609C1FE-8034-4E8C-8938-6806043382BD}
	EndProjectSection
EndProject
Project("{F184B08F-C81C-45F6-A57F-5ABD9991F28F}") = "HashConverter", "HashConverter\HashConverter.vbproj", "{870899C0-6FEE-486E-A2F2-B0F469EC430B}"
	ProjectSection(ProjectDependencies) = postProject
		{77CBC257-AE06-4A85-B2FD-055A8F395502} = {77CBC257-AE06-4A85-B2FD-055A8F395502}
	EndProjectSection
EndProject
Project("{F184B08F-C81C-45F6-A57F-5ABD9991F28F}") = "MassAnnounceEdit", "MassAnnounceEdit\MassAnnounceEdit.vbproj", "{B7A4CCED-ADD6-4C43-B866-994EEC3500F8}"
	ProjectSection(ProjectDependencies) = postProject
		{5609C1FE-8034-4E8C-8938-6806043382BD} = {5609C1FE-8034-4E8C-8938-6806043382BD}
	EndProjectSection
EndProject
Project("{F184B08F-C81C-45F6-A57F-5ABD9991F28F}") = "WebSeedDaemon", "WebSeedDaemon\WebSeedDaemon.vbproj", "{0819CFAC-66DD-4EA9-8DEE-3CA313A5438D}"
	ProjectSection(ProjectDependencies) = postProject
	EndProjectSection
EndProject
Project("{F184B08F-C81C-45F6-A57F-5ABD9991F28F}") = "G2SourceSupplier", "G2SourceSupplier\G2SourceSupplier.vbproj", "{5EC800C1-DB93-42A3-97DF-7C54CA0C3659}"
	ProjectSection(ProjectDependencies) = postProject
	EndProjectSection
EndProject
Project("{F184B08F-C81C-45F6-A57F-5ABD9991F28F}") = "CustomMultiTracker", "CustomMultiTracker\CustomMultiTracker.vbproj", "{E0E16AF1-530A-445A-B850-2DCBB9BFFCF9}"
	ProjectSection(ProjectDependencies) = postProject
	EndProjectSection
EndProject
Project("{F184B08F-C81C-45F6-A57F-5ABD9991F28F}") = "G2SourceDatabase", "G2SourceDatabase\G2SourceDatabase.vbproj", "{A8A1768C-8213-4EB7-868F-ACC82B6A959A}"
	ProjectSection(ProjectDependencies) = postProject
	EndProjectSection
EndProject
Project("{F184B08F-C81C-45F6-A57F-5ABD9991F28F}") = "PrivateNoDHT", "PrivateNoDHT\PrivateNoDHT.vbproj", "{A632B5D8-C313-474F-ACBA-642225065215}"
	ProjectSection(ProjectDependencies) = postProject
	EndProjectSection
EndProject
Project("{F184B08F-C81C-45F6-A57F-5ABD9991F28F}") = "EncodingToGBK", "EncodingToGBK\EncodingToGBK.vbproj", "{A26FA04F-DD55-46C3-80E6-328C0B810D5F}"
	ProjectSection(ProjectDependencies) = postProject
	EndProjectSection
EndProject
Project("{F184B08F-C81C-45F6-A57F-5ABD9991F28F}") = "Tracker.Announce", "Tracker.Announce\Tracker.Announce.vbproj", "{380C78F5-F80E-45B2-B285-CC49A61A0B6F}"
	ProjectSection(ProjectDependencies) = postProject
	EndProjectSection
EndProject
Project("{F184B08F-C81C-45F6-A57F-5ABD9991F28F}") = "TrackerCommon", "TrackerCommon\TrackerCommon.vbproj", "{C3FAB848-1F6F-454B-963A-D7402FAE79B7}"
	ProjectSection(ProjectDependencies) = postProject
	EndProjectSection
EndProject
Project("{F184B08F-C81C-45F6-A57F-5ABD9991F28F}") = "Tracker.Scrape", "Tracker.Scrape\Tracker.Scrape.vbproj", "{9F3BFC8F-7E97-4CBB-819F-A2097C6469ED}"
	ProjectSection(ProjectDependencies) = postProject
	EndProjectSection
EndProject
Project("{F184B08F-C81C-45F6-A57F-5ABD9991F28F}") = "CustomMultiTrackerGUI", "CustomMultiTrackerGUI\CustomMultiTrackerGUI.vbproj", "{C8362520-CDB7-479A-902B-5FDDEF31A846}"
	ProjectSection(ProjectDependencies) = postProject
	EndProjectSection
EndProject
Project("{F184B08F-C81C-45F6-A57F-5ABD9991F28F}") = "BEncode_Merge", "BEncode_Merge\BEncode_Merge.vbproj", "{AFFEEE39-8909-4046-A1BE-DCC779BF16D9}"
	ProjectSection(ProjectDependencies) = postProject
	EndProjectSection
EndProject
Project("{F184B08F-C81C-45F6-A57F-5ABD9991F28F}") = "DeadTorrentRemover", "DeadTorrentRemover\DeadTorrentRemover.vbproj", "{60C11EFB-A2B0-4407-B26A-98A6A246F1C2}"
	ProjectSection(ProjectDependencies) = postProject
	EndProjectSection
EndProject
Project("{F184B08F-C81C-45F6-A57F-5ABD9991F28F}") = "TorrentContentCleaner", "TorrentContentCleaner\TorrentContentCleaner.vbproj", "{559B5723-FEC2-4641-8A5F-781A56A85A46}"
	ProjectSection(ProjectDependencies) = postProject
	EndProjectSection
EndProject
Project("{F184B08F-C81C-45F6-A57F-5ABD9991F28F}") = "MassPrivateFlagger", "MassPrivateFlagger\MassPrivateFlagger.vbproj", "{B16098C7-F434-424C-BC82-7DAD418582A9}"
	ProjectSection(ProjectDependencies) = postProject
	EndProjectSection
EndProject
Project("{F184B08F-C81C-45F6-A57F-5ABD9991F28F}") = "DHTNodeEditor", "DHTNodeEditor\DHTNodeEditor.vbproj", "{F0564B9A-8211-447D-8554-1DF6A219C769}"
	ProjectSection(ProjectDependencies) = postProject
	EndProjectSection
EndProject
Project("{F184B08F-C81C-45F6-A57F-5ABD9991F28F}") = "DHTNodeDisplayer", "DHTNodeDisplayer\DHTNodeDisplayer.vbproj", "{90B3DDD5-7B51-4653-8582-1BAF3FD0E16E}"
	ProjectSection(ProjectDependencies) = postProject
	EndProjectSection
EndProject
Global
	GlobalSection(SolutionConfiguration) = preSolution
		Debug = Debug
		Release = Release
	EndGlobalSection
	GlobalSection(ProjectConfiguration) = postSolution
		{2B035720-6571-4BF1-A1AF-6CEA826C9503}.Debug.ActiveCfg = Debug|.NET
		{2B035720-6571-4BF1-A1AF-6CEA826C9503}.Debug.Build.0 = Debug|.NET
		{2B035720-6571-4BF1-A1AF-6CEA826C9503}.Release.ActiveCfg = Release|.NET
		{2B035720-6571-4BF1-A1AF-6CEA826C9503}.Release.Build.0 = Release|.NET
		{5C752BF7-1B65-4767-9307-F69C7D01F40E}.Debug.ActiveCfg = Debug|.NET
		{5C752BF7-1B65-4767-9307-F69C7D01F40E}.Debug.Build.0 = Debug|.NET
		{5C752BF7-1B65-4767-9307-F69C7D01F40E}.Release.ActiveCfg = Release|.NET
		{5C752BF7-1B65-4767-9307-F69C7D01F40E}.Release.Build.0 = Release|.NET
		{4D40027C-B005-497B-A34A-CC55BDE07744}.Debug.ActiveCfg = Debug|.NET
		{4D40027C-B005-497B-A34A-CC55BDE07744}.Debug.Build.0 = Debug|.NET
		{4D40027C-B005-497B-A34A-CC55BDE07744}.Release.ActiveCfg = Release|.NET
		{4D40027C-B005-497B-A34A-CC55BDE07744}.Release.Build.0 = Release|.NET
		{88DFBAD5-7B6C-4A72-84A7-A3CABD218C3D}.Debug.ActiveCfg = Debug|.NET
		{88DFBAD5-7B6C-4A72-84A7-A3CABD218C3D}.Debug.Build.0 = Debug|.NET
		{88DFBAD5-7B6C-4A72-84A7-A3CABD218C3D}.Release.ActiveCfg = Release|.NET
		{88DFBAD5-7B6C-4A72-84A7-A3CABD218C3D}.Release.Build.0 = Release|.NET
		{33F863D7-5A25-490B-BED7-9CEEDDE02753}.Debug.ActiveCfg = Debug|.NET
		{33F863D7-5A25-490B-BED7-9CEEDDE02753}.Debug.Build.0 = Debug|.NET
		{33F863D7-5A25-490B-BED7-9CEEDDE02753}.Release.ActiveCfg = Release|.NET
		{33F863D7-5A25-490B-BED7-9CEEDDE02753}.Release.Build.0 = Release|.NET
		{AA1617A2-CA1B-40AE-A8F5-F04A34C953D1}.Debug.ActiveCfg = Debug|.NET
		{AA1617A2-CA1B-40AE-A8F5-F04A34C953D1}.Debug.Build.0 = Debug|.NET
		{AA1617A2-CA1B-40AE-A8F5-F04A34C953D1}.Release.ActiveCfg = Release|.NET
		{AA1617A2-CA1B-40AE-A8F5-F04A34C953D1}.Release.Build.0 = Release|.NET
		{77CBC257-AE06-4A85-B2FD-055A8F395502}.Debug.ActiveCfg = Debug|.NET
		{77CBC257-AE06-4A85-B2FD-055A8F395502}.Debug.Build.0 = Debug|.NET
		{77CBC257-AE06-4A85-B2FD-055A8F395502}.Release.ActiveCfg = Release|.NET
		{77CBC257-AE06-4A85-B2FD-055A8F395502}.Release.Build.0 = Release|.NET
		{5609C1FE-8034-4E8C-8938-6806043382BD}.Debug.ActiveCfg = Debug|.NET
		{5609C1FE-8034-4E8C-8938-6806043382BD}.Debug.Build.0 = Debug|.NET
		{5609C1FE-8034-4E8C-8938-6806043382BD}.Release.ActiveCfg = Release|.NET
		{5609C1FE-8034-4E8C-8938-6806043382BD}.Release.Build.0 = Release|.NET
		{D74A1426-A74B-4AB6-974C-F8715684A60F}.Debug.ActiveCfg = Debug|.NET
		{D74A1426-A74B-4AB6-974C-F8715684A60F}.Debug.Build.0 = Debug|.NET
		{D74A1426-A74B-4AB6-974C-F8715684A60F}.Release.ActiveCfg = Release|.NET
		{D74A1426-A74B-4AB6-974C-F8715684A60F}.Release.Build.0 = Release|.NET
		{870899C0-6FEE-486E-A2F2-B0F469EC430B}.Debug.ActiveCfg = Debug|.NET
		{870899C0-6FEE-486E-A2F2-B0F469EC430B}.Debug.Build.0 = Debug|.NET
		{870899C0-6FEE-486E-A2F2-B0F469EC430B}.Release.ActiveCfg = Release|.NET
		{870899C0-6FEE-486E-A2F2-B0F469EC430B}.Release.Build.0 = Release|.NET
		{B7A4CCED-ADD6-4C43-B866-994EEC3500F8}.Debug.ActiveCfg = Debug|.NET
		{B7A4CCED-ADD6-4C43-B866-994EEC3500F8}.Debug.Build.0 = Debug|.NET
		{B7A4CCED-ADD6-4C43-B866-994EEC3500F8}.Release.ActiveCfg = Release|.NET
		{B7A4CCED-ADD6-4C43-B866-994EEC3500F8}.Release.Build.0 = Release|.NET
		{0819CFAC-66DD-4EA9-8DEE-3CA313A5438D}.Debug.ActiveCfg = Debug|.NET
		{0819CFAC-66DD-4EA9-8DEE-3CA313A5438D}.Debug.Build.0 = Debug|.NET
		{0819CFAC-66DD-4EA9-8DEE-3CA313A5438D}.Release.ActiveCfg = Release|.NET
		{0819CFAC-66DD-4EA9-8DEE-3CA313A5438D}.Release.Build.0 = Release|.NET
		{5EC800C1-DB93-42A3-97DF-7C54CA0C3659}.Debug.ActiveCfg = Debug|.NET
		{5EC800C1-DB93-42A3-97DF-7C54CA0C3659}.Debug.Build.0 = Debug|.NET
		{5EC800C1-DB93-42A3-97DF-7C54CA0C3659}.Release.ActiveCfg = Release|.NET
		{5EC800C1-DB93-42A3-97DF-7C54CA0C3659}.Release.Build.0 = Release|.NET
		{E0E16AF1-530A-445A-B850-2DCBB9BFFCF9}.Debug.ActiveCfg = Debug|.NET
		{E0E16AF1-530A-445A-B850-2DCBB9BFFCF9}.Debug.Build.0 = Debug|.NET
		{E0E16AF1-530A-445A-B850-2DCBB9BFFCF9}.Release.ActiveCfg = Release|.NET
		{E0E16AF1-530A-445A-B850-2DCBB9BFFCF9}.Release.Build.0 = Release|.NET
		{A8A1768C-8213-4EB7-868F-ACC82B6A959A}.Debug.ActiveCfg = Debug|.NET
		{A8A1768C-8213-4EB7-868F-ACC82B6A959A}.Debug.Build.0 = Debug|.NET
		{A8A1768C-8213-4EB7-868F-ACC82B6A959A}.Release.ActiveCfg = Release|.NET
		{A8A1768C-8213-4EB7-868F-ACC82B6A959A}.Release.Build.0 = Release|.NET
		{A632B5D8-C313-474F-ACBA-642225065215}.Debug.ActiveCfg = Debug|.NET
		{A632B5D8-C313-474F-ACBA-642225065215}.Debug.Build.0 = Debug|.NET
		{A632B5D8-C313-474F-ACBA-642225065215}.Release.ActiveCfg = Release|.NET
		{A632B5D8-C313-474F-ACBA-642225065215}.Release.Build.0 = Release|.NET
		{A26FA04F-DD55-46C3-80E6-328C0B810D5F}.Debug.ActiveCfg = Debug|.NET
		{A26FA04F-DD55-46C3-80E6-328C0B810D5F}.Debug.Build.0 = Debug|.NET
		{A26FA04F-DD55-46C3-80E6-328C0B810D5F}.Release.ActiveCfg = Release|.NET
		{A26FA04F-DD55-46C3-80E6-328C0B810D5F}.Release.Build.0 = Release|.NET
		{380C78F5-F80E-45B2-B285-CC49A61A0B6F}.Debug.ActiveCfg = Debug|.NET
		{380C78F5-F80E-45B2-B285-CC49A61A0B6F}.Debug.Build.0 = Debug|.NET
		{380C78F5-F80E-45B2-B285-CC49A61A0B6F}.Release.ActiveCfg = Release|.NET
		{380C78F5-F80E-45B2-B285-CC49A61A0B6F}.Release.Build.0 = Release|.NET
		{C3FAB848-1F6F-454B-963A-D7402FAE79B7}.Debug.ActiveCfg = Debug|.NET
		{C3FAB848-1F6F-454B-963A-D7402FAE79B7}.Debug.Build.0 = Debug|.NET
		{C3FAB848-1F6F-454B-963A-D7402FAE79B7}.Release.ActiveCfg = Release|.NET
		{C3FAB848-1F6F-454B-963A-D7402FAE79B7}.Release.Build.0 = Release|.NET
		{9F3BFC8F-7E97-4CBB-819F-A2097C6469ED}.Debug.ActiveCfg = Debug|.NET
		{9F3BFC8F-7E97-4CBB-819F-A2097C6469ED}.Debug.Build.0 = Debug|.NET
		{9F3BFC8F-7E97-4CBB-819F-A2097C6469ED}.Release.ActiveCfg = Release|.NET
		{9F3BFC8F-7E97-4CBB-819F-A2097C6469ED}.Release.Build.0 = Release|.NET
		{C8362520-CDB7-479A-902B-5FDDEF31A846}.Debug.ActiveCfg = Debug|.NET
		{C8362520-CDB7-479A-902B-5FDDEF31A846}.Debug.Build.0 = Debug|.NET
		{C8362520-CDB7-479A-902B-5FDDEF31A846}.Release.ActiveCfg = Release|.NET
		{C8362520-CDB7-479A-902B-5FDDEF31A846}.Release.Build.0 = Release|.NET
		{AFFEEE39-8909-4046-A1BE-DCC779BF16D9}.Debug.ActiveCfg = Debug|.NET
		{AFFEEE39-8909-4046-A1BE-DCC779BF16D9}.Debug.Build.0 = Debug|.NET
		{AFFEEE39-8909-4046-A1BE-DCC779BF16D9}.Release.ActiveCfg = Release|.NET
		{AFFEEE39-8909-4046-A1BE-DCC779BF16D9}.Release.Build.0 = Release|.NET
		{60C11EFB-A2B0-4407-B26A-98A6A246F1C2}.Debug.ActiveCfg = Debug|.NET
		{60C11EFB-A2B0-4407-B26A-98A6A246F1C2}.Debug.Build.0 = Debug|.NET
		{60C11EFB-A2B0-4407-B26A-98A6A246F1C2}.Release.ActiveCfg = Release|.NET
		{60C11EFB-A2B0-4407-B26A-98A6A246F1C2}.Release.Build.0 = Release|.NET
		{559B5723-FEC2-4641-8A5F-781A56A85A46}.Debug.ActiveCfg = Debug|.NET
		{559B5723-FEC2-4641-8A5F-781A56A85A46}.Debug.Build.0 = Debug|.NET
		{559B5723-FEC2-4641-8A5F-781A56A85A46}.Release.ActiveCfg = Release|.NET
		{559B5723-FEC2-4641-8A5F-781A56A85A46}.Release.Build.0 = Release|.NET
		{B16098C7-F434-424C-BC82-7DAD418582A9}.Debug.ActiveCfg = Debug|.NET
		{B16098C7-F434-424C-BC82-7DAD418582A9}.Debug.Build.0 = Debug|.NET
		{B16098C7-F434-424C-BC82-7DAD418582A9}.Release.ActiveCfg = Release|.NET
		{B16098C7-F434-424C-BC82-7DAD418582A9}.Release.Build.0 = Release|.NET
		{F0564B9A-8211-447D-8554-1DF6A219C769}.Debug.ActiveCfg = Debug|.NET
		{F0564B9A-8211-447D-8554-1DF6A219C769}.Debug.Build.0 = Debug|.NET
		{F0564B9A-8211-447D-8554-1DF6A219C769}.Release.ActiveCfg = Release|.NET
		{F0564B9A-8211-447D-8554-1DF6A219C769}.Release.Build.0 = Release|.NET
		{90B3DDD5-7B51-4653-8582-1BAF3FD0E16E}.Debug.ActiveCfg = Debug|.NET
		{90B3DDD5-7B51-4653-8582-1BAF3FD0E16E}.Debug.Build.0 = Debug|.NET
		{90B3DDD5-7B51-4653-8582-1BAF3FD0E16E}.Release.ActiveCfg = Release|.NET
		{90B3DDD5-7B51-4653-8582-1BAF3FD0E16E}.Release.Build.0 = Release|.NET
	EndGlobalSection
	GlobalSection(ExtensibilityGlobals) = postSolution
	EndGlobalSection
	GlobalSection(ExtensibilityAddIns) = postSolution
	EndGlobalSection
EndGlobal
