Microsoft Visual Studio Solution File, Format Version 8.00
Project("{F184B08F-C81C-45F6-A57F-5ABD9991F28F}") = "MultiTrackerUpload", "MultiTrackerUpload.vbproj", "{950D1B91-E805-45AB-B622-3A7B5A68D5BF}"
	ProjectSection(ProjectDependencies) = postProject
	EndProjectSection
EndProject
Global
	GlobalSection(SolutionConfiguration) = preSolution
		Debug = Debug
		Release = Release
	EndGlobalSection
	GlobalSection(ProjectConfiguration) = postSolution
		{950D1B91-E805-45AB-B622-3A7B5A68D5BF}.Debug.ActiveCfg = Debug|.NET
		{950D1B91-E805-45AB-B622-3A7B5A68D5BF}.Debug.Build.0 = Debug|.NET
		{950D1B91-E805-45AB-B622-3A7B5A68D5BF}.Release.ActiveCfg = Release|.NET
		{950D1B91-E805-45AB-B622-3A7B5A68D5BF}.Release.Build.0 = Release|.NET
	EndGlobalSection
	GlobalSection(ExtensibilityGlobals) = postSolution
	EndGlobalSection
	GlobalSection(ExtensibilityAddIns) = postSolution
	EndGlobalSection
EndGlobal
